
Microsoft Visual Studio Solution File, Format Version 12.00
# Visual Studio 15
VisualStudioVersion = 15.0.28307.1340
MinimumVisualStudioVersion = 10.0.40219.1
Project("{FAE04EC0-301F-11D3-BF4B-00C04F79EFBC}") = "Client", "Client\Client.csproj", "{82C96148-3476-487A-A0ED-34781EFA1767}"
EndProject
Project("{FAE04EC0-301F-11D3-BF4B-00C04F79EFBC}") = "Server", "Server\Server.csproj", "{888CDC84-5EC7-4CA2-846F-55A52B03AD1C}"
EndProject
Project("{FAE04EC0-301F-11D3-BF4B-00C04F79EFBC}") = "Common", "Common\Common.csproj", "{09596B1C-9A80-436D-A279-34104644F3FF}"
EndProject
Global
	GlobalSection(SolutionConfigurationPlatforms) = preSolution
		Debug|Any CPU = Debug|Any CPU
		Release|Any CPU = Release|Any CPU
	EndGlobalSection
	GlobalSection(ProjectConfigurationPlatforms) = postSolution
		{82C96148-3476-487A-A0ED-34781EFA1767}.Debug|Any CPU.ActiveCfg = Debug|Any CPU
		{82C96148-3476-487A-A0ED-34781EFA1767}.Debug|Any CPU.Build.0 = Debug|Any CPU
		{82C96148-3476-487A-A0ED-34781EFA1767}.Release|Any CPU.ActiveCfg = Release|Any CPU
		{82C96148-3476-487A-A0ED-34781EFA1767}.Release|Any CPU.Build.0 = Release|Any CPU
		{888CDC84-5EC7-4CA2-846F-55A52B03AD1C}.Debug|Any CPU.ActiveCfg = Debug|Any CPU
		{888CDC84-5EC7-4CA2-846F-55A52B03AD1C}.Debug|Any CPU.Build.0 = Debug|Any CPU
		{888CDC84-5EC7-4CA2-846F-55A52B03AD1C}.Release|Any CPU.ActiveCfg = Release|Any CPU
		{888CDC84-5EC7-4CA2-846F-55A52B03AD1C}.Release|Any CPU.Build.0 = Release|Any CPU
		{09596B1C-9A80-436D-A279-34104644F3FF}.Debug|Any CPU.ActiveCfg = Debug|Any CPU
		{09596B1C-9A80-436D-A279-34104644F3FF}.Debug|Any CPU.Build.0 = Debug|Any CPU
		{09596B1C-9A80-436D-A279-34104644F3FF}.Release|Any CPU.ActiveCfg = Release|Any CPU
		{09596B1C-9A80-436D-A279-34104644F3FF}.Release|Any CPU.Build.0 = Release|Any CPU
	EndGlobalSection
	GlobalSection(SolutionProperties) = preSolution
		HideSolutionNode = FALSE
	EndGlobalSection
	GlobalSection(ExtensibilityGlobals) = postSolution
		SolutionGuid = {23FE5767-73FB-4ABC-B668-5FE2BAAA511C}
	EndGlobalSection
EndGlobal
